// !$*UTF8*$!
{
	archiveVersion = 1;
	classes = {
	};
	objectVersion = 55;
	objects = {

/* Begin PBXBuildFile section */
		AEB6788627FC629A0069B454 /* FarmGPSApp.swift in Sources */ = {isa = PBXBuildFile; fileRef = AEB6788527FC629A0069B454 /* FarmGPSApp.swift */; };
		AEB6788827FC629A0069B454 /* StartView.swift in Sources */ = {isa = PBXBuildFile; fileRef = AEB6788727FC629A0069B454 /* StartView.swift */; };
		AEB6788A27FC629B0069B454 /* Assets.xcassets in Resources */ = {isa = PBXBuildFile; fileRef = AEB6788927FC629B0069B454 /* Assets.xcassets */; };
		AEB6788D27FC629B0069B454 /* Preview Assets.xcassets in Resources */ = {isa = PBXBuildFile; fileRef = AEB6788C27FC629B0069B454 /* Preview Assets.xcassets */; };
		AEB6789427FC62F60069B454 /* SceneKitView.swift in Sources */ = {isa = PBXBuildFile; fileRef = AEB6789327FC62F60069B454 /* SceneKitView.swift */; };
		AEB6789627FC63150069B454 /* MapView.swift in Sources */ = {isa = PBXBuildFile; fileRef = AEB6789527FC63150069B454 /* MapView.swift */; };
		AEB6789927FC63840069B454 /* AppManager.swift in Sources */ = {isa = PBXBuildFile; fileRef = AEB6789827FC63840069B454 /* AppManager.swift */; };
		AEB6789B27FC64570069B454 /* GameScene.swift in Sources */ = {isa = PBXBuildFile; fileRef = AEB6789A27FC64570069B454 /* GameScene.swift */; };
		AEB6789D27FC65A60069B454 /* Extra.swift in Sources */ = {isa = PBXBuildFile; fileRef = AEB6789C27FC65A60069B454 /* Extra.swift */; };
		AEB678A127FC67EF0069B454 /* ARorGPS.swift in Sources */ = {isa = PBXBuildFile; fileRef = AEB678A027FC67EF0069B454 /* ARorGPS.swift */; };
		AEB678A327FC6A670069B454 /* GPSNavigationView.swift in Sources */ = {isa = PBXBuildFile; fileRef = AEB678A227FC6A670069B454 /* GPSNavigationView.swift */; };
		AEB678A527FC6A870069B454 /* ARView.swift in Sources */ = {isa = PBXBuildFile; fileRef = AEB678A427FC6A870069B454 /* ARView.swift */; };
		AEB678A727FC6B8E0069B454 /* ARGameScene.swift in Sources */ = {isa = PBXBuildFile; fileRef = AEB678A627FC6B8E0069B454 /* ARGameScene.swift */; };
		AEB678A927FC6D740069B454 /* ARwrappedView.swift in Sources */ = {isa = PBXBuildFile; fileRef = AEB678A827FC6D740069B454 /* ARwrappedView.swift */; };
		AEB678AE27FC70840069B454 /* FocusSquare.swift in Sources */ = {isa = PBXBuildFile; fileRef = AEB678AD27FC70840069B454 /* FocusSquare.swift */; };
		AEB678B227FC70AD0069B454 /* FocusSquareSegment.swift in Sources */ = {isa = PBXBuildFile; fileRef = AEB678B127FC70AD0069B454 /* FocusSquareSegment.swift */; };
/* End PBXBuildFile section */

/* Begin PBXFileReference section */
		AEB6788227FC629A0069B454 /* FarmGPS.app */ = {isa = PBXFileReference; explicitFileType = wrapper.application; includeInIndex = 0; path = FarmGPS.app; sourceTree = BUILT_PRODUCTS_DIR; };
		AEB6788527FC629A0069B454 /* FarmGPSApp.swift */ = {isa = PBXFileReference; lastKnownFileType = sourcecode.swift; path = FarmGPSApp.swift; sourceTree = "<group>"; };
		AEB6788727FC629A0069B454 /* StartView.swift */ = {isa = PBXFileReference; lastKnownFileType = sourcecode.swift; path = StartView.swift; sourceTree = "<group>"; };
		AEB6788927FC629B0069B454 /* Assets.xcassets */ = {isa = PBXFileReference; lastKnownFileType = folder.assetcatalog; path = Assets.xcassets; sourceTree = "<group>"; };
		AEB6788C27FC629B0069B454 /* Preview Assets.xcassets */ = {isa = PBXFileReference; lastKnownFileType = folder.assetcatalog; path = "Preview Assets.xcassets"; sourceTree = "<group>"; };
		AEB6789327FC62F60069B454 /* SceneKitView.swift */ = {isa = PBXFileReference; lastKnownFileType = sourcecode.swift; path = SceneKitView.swift; sourceTree = "<group>"; };
		AEB6789527FC63150069B454 /* MapView.swift */ = {isa = PBXFileReference; lastKnownFileType = sourcecode.swift; path = MapView.swift; sourceTree = "<group>"; };
		AEB6789827FC63840069B454 /* AppManager.swift */ = {isa = PBXFileReference; lastKnownFileType = sourcecode.swift; path = AppManager.swift; sourceTree = "<group>"; };
		AEB6789A27FC64570069B454 /* GameScene.swift */ = {isa = PBXFileReference; lastKnownFileType = sourcecode.swift; path = GameScene.swift; sourceTree = "<group>"; };
		AEB6789C27FC65A60069B454 /* Extra.swift */ = {isa = PBXFileReference; lastKnownFileType = sourcecode.swift; path = Extra.swift; sourceTree = "<group>"; };
		AEB678A027FC67EF0069B454 /* ARorGPS.swift */ = {isa = PBXFileReference; lastKnownFileType = sourcecode.swift; path = ARorGPS.swift; sourceTree = "<group>"; };
		AEB678A227FC6A670069B454 /* GPSNavigationView.swift */ = {isa = PBXFileReference; lastKnownFileType = sourcecode.swift; path = GPSNavigationView.swift; sourceTree = "<group>"; };
		AEB678A427FC6A870069B454 /* ARView.swift */ = {isa = PBXFileReference; lastKnownFileType = sourcecode.swift; path = ARView.swift; sourceTree = "<group>"; };
		AEB678A627FC6B8E0069B454 /* ARGameScene.swift */ = {isa = PBXFileReference; lastKnownFileType = sourcecode.swift; path = ARGameScene.swift; sourceTree = "<group>"; };
		AEB678A827FC6D740069B454 /* ARwrappedView.swift */ = {isa = PBXFileReference; lastKnownFileType = sourcecode.swift; path = ARwrappedView.swift; sourceTree = "<group>"; };
		AEB678AD27FC70840069B454 /* FocusSquare.swift */ = {isa = PBXFileReference; lastKnownFileType = sourcecode.swift; path = FocusSquare.swift; sourceTree = "<group>"; };
		AEB678B127FC70AD0069B454 /* FocusSquareSegment.swift */ = {isa = PBXFileReference; fileEncoding = 4; lastKnownFileType = sourcecode.swift; path = FocusSquareSegment.swift; sourceTree = "<group>"; };
/* End PBXFileReference section */

/* Begin PBXFrameworksBuildPhase section */
		AEB6787F27FC629A0069B454 /* Frameworks */ = {
			isa = PBXFrameworksBuildPhase;
			buildActionMask = 2147483647;
			files = (
			);
			runOnlyForDeploymentPostprocessing = 0;
		};
/* End PBXFrameworksBuildPhase section */

/* Begin PBXGroup section */
		AEB6787927FC629A0069B454 = {
			isa = PBXGroup;
			children = (
				AEB6788427FC629A0069B454 /* FarmGPS */,
				AEB6788327FC629A0069B454 /* Products */,
			);
			sourceTree = "<group>";
		};
		AEB6788327FC629A0069B454 /* Products */ = {
			isa = PBXGroup;
			children = (
				AEB6788227FC629A0069B454 /* FarmGPS.app */,
			);
			name = Products;
			sourceTree = "<group>";
		};
		AEB6788427FC629A0069B454 /* FarmGPS */ = {
			isa = PBXGroup;
			children = (
				AEB6788527FC629A0069B454 /* FarmGPSApp.swift */,
				AEB6789827FC63840069B454 /* AppManager.swift */,
				AEB6789A27FC64570069B454 /* GameScene.swift */,
				AEB678A627FC6B8E0069B454 /* ARGameScene.swift */,
				AEB6789C27FC65A60069B454 /* Extra.swift */,
				AEB6789727FC632D0069B454 /* Views */,
				AEB678B327FC70B10069B454 /* Focus Square */,
				AEB6788927FC629B0069B454 /* Assets.xcassets */,
				AEB6788B27FC629B0069B454 /* Preview Content */,
			);
			path = FarmGPS;
			sourceTree = "<group>";
		};
		AEB6788B27FC629B0069B454 /* Preview Content */ = {
			isa = PBXGroup;
			children = (
				AEB6788C27FC629B0069B454 /* Preview Assets.xcassets */,
			);
			path = "Preview Content";
			sourceTree = "<group>";
		};
		AEB6789727FC632D0069B454 /* Views */ = {
			isa = PBXGroup;
			children = (
				AEB6788727FC629A0069B454 /* StartView.swift */,
				AEB678A027FC67EF0069B454 /* ARorGPS.swift */,
				AEB678A227FC6A670069B454 /* GPSNavigationView.swift */,
				AEB678A427FC6A870069B454 /* ARView.swift */,
				AEB678AA27FC6FFD0069B454 /* Wrapped View */,
			);
			path = Views;
			sourceTree = "<group>";
		};
		AEB678AA27FC6FFD0069B454 /* Wrapped View */ = {
			isa = PBXGroup;
			children = (
				AEB678A827FC6D740069B454 /* ARwrappedView.swift */,
				AEB6789327FC62F60069B454 /* SceneKitView.swift */,
				AEB6789527FC63150069B454 /* MapView.swift */,
			);
			path = "Wrapped View";
			sourceTree = "<group>";
		};
		AEB678B327FC70B10069B454 /* Focus Square */ = {
			isa = PBXGroup;
			children = (
				AEB678AD27FC70840069B454 /* FocusSquare.swift */,
				AEB678B127FC70AD0069B454 /* FocusSquareSegment.swift */,
			);
			path = "Focus Square";
			sourceTree = "<group>";
		};
/* End PBXGroup section */

/* Begin PBXNativeTarget section */
		AEB6788127FC629A0069B454 /* FarmGPS */ = {
			isa = PBXNativeTarget;
			buildConfigurationList = AEB6789027FC629B0069B454 /* Build configuration list for PBXNativeTarget "FarmGPS" */;
			buildPhases = (
				AEB6787E27FC629A0069B454 /* Sources */,
				AEB6787F27FC629A0069B454 /* Frameworks */,
				AEB6788027FC629A0069B454 /* Resources */,
			);
			buildRules = (
			);
			dependencies = (
			);
			name = FarmGPS;
			productName = FarmGPS;
			productReference = AEB6788227FC629A0069B454 /* FarmGPS.app */;
			productType = "com.apple.product-type.application";
		};
/* End PBXNativeTarget section */

/* Begin PBXProject section */
		AEB6787A27FC629A0069B454 /* Project object */ = {
			isa = PBXProject;
			attributes = {
				BuildIndependentTargetsInParallel = 1;
				LastSwiftUpdateCheck = 1320;
				LastUpgradeCheck = 1320;
				TargetAttributes = {
					AEB6788127FC629A0069B454 = {
						CreatedOnToolsVersion = 13.2.1;
					};
				};
			};
			buildConfigurationList = AEB6787D27FC629A0069B454 /* Build configuration list for PBXProject "FarmGPS" */;
			compatibilityVersion = "Xcode 13.0";
			developmentRegion = en;
			hasScannedForEncodings = 0;
			knownRegions = (
				en,
				Base,
			);
			mainGroup = AEB6787927FC629A0069B454;
			productRefGroup = AEB6788327FC629A0069B454 /* Products */;
			projectDirPath = "";
			projectRoot = "";
			targets = (
				AEB6788127FC629A0069B454 /* FarmGPS */,
			);
		};
/* End PBXProject section */

/* Begin PBXResourcesBuildPhase section */
		AEB6788027FC629A0069B454 /* Resources */ = {
			isa = PBXResourcesBuildPhase;
			buildActionMask = 2147483647;
			files = (
				AEB6788D27FC629B0069B454 /* Preview Assets.xcassets in Resources */,
				AEB6788A27FC629B0069B454 /* Assets.xcassets in Resources */,
			);
			runOnlyForDeploymentPostprocessing = 0;
		};
/* End PBXResourcesBuildPhase section */

/* Begin PBXSourcesBuildPhase section */
		AEB6787E27FC629A0069B454 /* Sources */ = {
			isa = PBXSourcesBuildPhase;
			buildActionMask = 2147483647;
			files = (
				AEB678A327FC6A670069B454 /* GPSNavigationView.swift in Sources */,
				AEB6789B27FC64570069B454 /* GameScene.swift in Sources */,
				AEB6788827FC629A0069B454 /* StartView.swift in Sources */,
				AEB6789927FC63840069B454 /* AppManager.swift in Sources */,
				AEB6789627FC63150069B454 /* MapView.swift in Sources */,
				AEB678B227FC70AD0069B454 /* FocusSquareSegment.swift in Sources */,
				AEB678A527FC6A870069B454 /* ARView.swift in Sources */,
				AEB6788627FC629A0069B454 /* FarmGPSApp.swift in Sources */,
				AEB678A927FC6D740069B454 /* ARwrappedView.swift in Sources */,
				AEB678AE27FC70840069B454 /* FocusSquare.swift in Sources */,
				AEB6789D27FC65A60069B454 /* Extra.swift in Sources */,
				AEB678A727FC6B8E0069B454 /* ARGameScene.swift in Sources */,
				AEB678A127FC67EF0069B454 /* ARorGPS.swift in Sources */,
				AEB6789427FC62F60069B454 /* SceneKitView.swift in Sources */,
			);
			runOnlyForDeploymentPostprocessing = 0;
		};
/* End PBXSourcesBuildPhase section */

/* Begin XCBuildConfiguration section */
		AEB6788E27FC629B0069B454 /* Debug */ = {
			isa = XCBuildConfiguration;
			buildSettings = {
				ALWAYS_SEARCH_USER_PATHS = NO;
				CLANG_ANALYZER_NONNULL = YES;
				CLANG_ANALYZER_NUMBER_OBJECT_CONVERSION = YES_AGGRESSIVE;
				CLANG_CXX_LANGUAGE_STANDARD = "gnu++17";
				CLANG_CXX_LIBRARY = "libc++";
				CLANG_ENABLE_MODULES = YES;
				CLANG_ENABLE_OBJC_ARC = YES;
				CLANG_ENABLE_OBJC_WEAK = YES;
				CLANG_WARN_BLOCK_CAPTURE_AUTORELEASING = YES;
				CLANG_WARN_BOOL_CONVERSION = YES;
				CLANG_WARN_COMMA = YES;
				CLANG_WARN_CONSTANT_CONVERSION = YES;
				CLANG_WARN_DEPRECATED_OBJC_IMPLEMENTATIONS = YES;
				CLANG_WARN_DIRECT_OBJC_ISA_USAGE = YES_ERROR;
				CLANG_WARN_DOCUMENTATION_COMMENTS = YES;
				CLANG_WARN_EMPTY_BODY = YES;
				CLANG_WARN_ENUM_CONVERSION = YES;
				CLANG_WARN_INFINITE_RECURSION = YES;
				CLANG_WARN_INT_CONVERSION = YES;
				CLANG_WARN_NON_LITERAL_NULL_CONVERSION = YES;
				CLANG_WARN_OBJC_IMPLICIT_RETAIN_SELF = YES;
				CLANG_WARN_OBJC_LITERAL_CONVERSION = YES;
				CLANG_WARN_OBJC_ROOT_CLASS = YES_ERROR;
				CLANG_WARN_QUOTED_INCLUDE_IN_FRAMEWORK_HEADER = YES;
				CLANG_WARN_RANGE_LOOP_ANALYSIS = YES;
				CLANG_WARN_STRICT_PROTOTYPES = YES;
				CLANG_WARN_SUSPICIOUS_MOVE = YES;
				CLANG_WARN_UNGUARDED_AVAILABILITY = YES_AGGRESSIVE;
				CLANG_WARN_UNREACHABLE_CODE = YES;
				CLANG_WARN__DUPLICATE_METHOD_MATCH = YES;
				COPY_PHASE_STRIP = NO;
				DEBUG_INFORMATION_FORMAT = dwarf;
				ENABLE_STRICT_OBJC_MSGSEND = YES;
				ENABLE_TESTABILITY = YES;
				GCC_C_LANGUAGE_STANDARD = gnu11;
				GCC_DYNAMIC_NO_PIC = NO;
				GCC_NO_COMMON_BLOCKS = YES;
				GCC_OPTIMIZATION_LEVEL = 0;
				GCC_PREPROCESSOR_DEFINITIONS = (
					"DEBUG=1",
					"$(inherited)",
				);
				GCC_WARN_64_TO_32_BIT_CONVERSION = YES;
				GCC_WARN_ABOUT_RETURN_TYPE = YES_ERROR;
				GCC_WARN_UNDECLARED_SELECTOR = YES;
				GCC_WARN_UNINITIALIZED_AUTOS = YES_AGGRESSIVE;
				GCC_WARN_UNUSED_FUNCTION = YES;
				GCC_WARN_UNUSED_VARIABLE = YES;
				IPHONEOS_DEPLOYMENT_TARGET = 15.2;
				MTL_ENABLE_DEBUG_INFO = INCLUDE_SOURCE;
				MTL_FAST_MATH = YES;
				ONLY_ACTIVE_ARCH = YES;
				SDKROOT = iphoneos;
				SWIFT_ACTIVE_COMPILATION_CONDITIONS = DEBUG;
				SWIFT_OPTIMIZATION_LEVEL = "-Onone";
			};
			name = Debug;
		};
		AEB6788F27FC629B0069B454 /* Release */ = {
			isa = XCBuildConfiguration;
			buildSettings = {
				ALWAYS_SEARCH_USER_PATHS = NO;
				CLANG_ANALYZER_NONNULL = YES;
				CLANG_ANALYZER_NUMBER_OBJECT_CONVERSION = YES_AGGRESSIVE;
				CLANG_CXX_LANGUAGE_STANDARD = "gnu++17";
				CLANG_CXX_LIBRARY = "libc++";
				CLANG_ENABLE_MODULES = YES;
				CLANG_ENABLE_OBJC_ARC = YES;
				CLANG_ENABLE_OBJC_WEAK = YES;
				CLANG_WARN_BLOCK_CAPTURE_AUTORELEASING = YES;
				CLANG_WARN_BOOL_CONVERSION = YES;
				CLANG_WARN_COMMA = YES;
				CLANG_WARN_CONSTANT_CONVERSION = YES;
				CLANG_WARN_DEPRECATED_OBJC_IMPLEMENTATIONS = YES;
				CLANG_WARN_DIRECT_OBJC_ISA_USAGE = YES_ERROR;
				CLANG_WARN_DOCUMENTATION_COMMENTS = YES;
				CLANG_WARN_EMPTY_BODY = YES;
				CLANG_WARN_ENUM_CONVERSION = YES;
				CLANG_WARN_INFINITE_RECURSION = YES;
				CLANG_WARN_INT_CONVERSION = YES;
				CLANG_WARN_NON_LITERAL_NULL_CONVERSION = YES;
				CLANG_WARN_OBJC_IMPLICIT_RETAIN_SELF = YES;
				CLANG_WARN_OBJC_LITERAL_CONVERSION = YES;
				CLANG_WARN_OBJC_ROOT_CLASS = YES_ERROR;
				CLANG_WARN_QUOTED_INCLUDE_IN_FRAMEWORK_HEADER = YES;
				CLANG_WARN_RANGE_LOOP_ANALYSIS = YES;
				CLANG_WARN_STRICT_PROTOTYPES = YES;
				CLANG_WARN_SUSPICIOUS_MOVE = YES;
				CLANG_WARN_UNGUARDED_AVAILABILITY = YES_AGGRESSIVE;
				CLANG_WARN_UNREACHABLE_CODE = YES;
				CLANG_WARN__DUPLICATE_METHOD_MATCH = YES;
				COPY_PHASE_STRIP = NO;
				DEBUG_INFORMATION_FORMAT = "dwarf-with-dsym";
				ENABLE_NS_ASSERTIONS = NO;
				ENABLE_STRICT_OBJC_MSGSEND = YES;
				GCC_C_LANGUAGE_STANDARD = gnu11;
				GCC_NO_COMMON_BLOCKS = YES;
				GCC_WARN_64_TO_32_BIT_CONVERSION = YES;
				GCC_WARN_ABOUT_RETURN_TYPE = YES_ERROR;
				GCC_WARN_UNDECLARED_SELECTOR = YES;
				GCC_WARN_UNINITIALIZED_AUTOS = YES_AGGRESSIVE;
				GCC_WARN_UNUSED_FUNCTION = YES;
				GCC_WARN_UNUSED_VARIABLE = YES;
				IPHONEOS_DEPLOYMENT_TARGET = 15.2;
				MTL_ENABLE_DEBUG_INFO = NO;
				MTL_FAST_MATH = YES;
				SDKROOT = iphoneos;
				SWIFT_COMPILATION_MODE = wholemodule;
				SWIFT_OPTIMIZATION_LEVEL = "-O";
				VALIDATE_PRODUCT = YES;
			};
			name = Release;
		};
		AEB6789127FC629B0069B454 /* Debug */ = {
			isa = XCBuildConfiguration;
			buildSettings = {
				ASSETCATALOG_COMPILER_APPICON_NAME = AppIcon;
				ASSETCATALOG_COMPILER_GLOBAL_ACCENT_COLOR_NAME = AccentColor;
				CODE_SIGN_STYLE = Automatic;
				CURRENT_PROJECT_VERSION = 1;
				DEVELOPMENT_ASSET_PATHS = "\"FarmGPS/Preview Content\"";
				DEVELOPMENT_TEAM = 6XQ5SQ55JG;
				ENABLE_PREVIEWS = YES;
				GENERATE_INFOPLIST_FILE = YES;
				INFOPLIST_KEY_NSCameraUsageDescription = "For AR Experiance";
				INFOPLIST_KEY_NSLocationAlwaysAndWhenInUseUsageDescription = "Get User Location";
				INFOPLIST_KEY_UIApplicationSceneManifest_Generation = YES;
				INFOPLIST_KEY_UIApplicationSupportsIndirectInputEvents = YES;
				INFOPLIST_KEY_UILaunchScreen_Generation = YES;
				INFOPLIST_KEY_UISupportedInterfaceOrientations_iPad = "UIInterfaceOrientationPortrait UIInterfaceOrientationPortraitUpsideDown UIInterfaceOrientationLandscapeLeft UIInterfaceOrientationLandscapeRight";
				INFOPLIST_KEY_UISupportedInterfaceOrientations_iPhone = "UIInterfaceOrientationPortrait UIInterfaceOrientationLandscapeLeft UIInterfaceOrientationLandscapeRight";
				LD_RUNPATH_SEARCH_PATHS = (
					"$(inherited)",
					"@executable_path/Frameworks",
				);
				MARKETING_VERSION = 1.0;
				PRODUCT_BUNDLE_IDENTIFIER = com.damianomiazzi.FarmGPS;
				PRODUCT_NAME = "$(TARGET_NAME)";
				SWIFT_EMIT_LOC_STRINGS = YES;
				SWIFT_VERSION = 5.0;
				TARGETED_DEVICE_FAMILY = "1,2";
			};
			name = Debug;
		};
		AEB6789227FC629B0069B454 /* Release */ = {
			isa = XCBuildConfiguration;
			buildSettings = {
				ASSETCATALOG_COMPILER_APPICON_NAME = AppIcon;
				ASSETCATALOG_COMPILER_GLOBAL_ACCENT_COLOR_NAME = AccentColor;
				CODE_SIGN_STYLE = Automatic;
				CURRENT_PROJECT_VERSION = 1;
				DEVELOPMENT_ASSET_PATHS = "\"FarmGPS/Preview Content\"";
				DEVELOPMENT_TEAM = 6XQ5SQ55JG;
				ENABLE_PREVIEWS = YES;
				GENERATE_INFOPLIST_FILE = YES;
				INFOPLIST_KEY_NSCameraUsageDescription = "For AR Experiance";
				INFOPLIST_KEY_NSLocationAlwaysAndWhenInUseUsageDescription = "Get User Location";
				INFOPLIST_KEY_UIApplicationSceneManifest_Generation = YES;
				INFOPLIST_KEY_UIApplicationSupportsIndirectInputEvents = YES;
				INFOPLIST_KEY_UILaunchScreen_Generation = YES;
				INFOPLIST_KEY_UISupportedInterfaceOrientations_iPad = "UIInterfaceOrientationPortrait UIInterfaceOrientationPortraitUpsideDown UIInterfaceOrientationLandscapeLeft UIInterfaceOrientationLandscapeRight";
				INFOPLIST_KEY_UISupportedInterfaceOrientations_iPhone = "UIInterfaceOrientationPortrait UIInterfaceOrientationLandscapeLeft UIInterfaceOrientationLandscapeRight";
				LD_RUNPATH_SEARCH_PATHS = (
					"$(inherited)",
					"@executable_path/Frameworks",
				);
				MARKETING_VERSION = 1.0;
				PRODUCT_BUNDLE_IDENTIFIER = com.damianomiazzi.FarmGPS;
				PRODUCT_NAME = "$(TARGET_NAME)";
				SWIFT_EMIT_LOC_STRINGS = YES;
				SWIFT_VERSION = 5.0;
				TARGETED_DEVICE_FAMILY = "1,2";
			};
			name = Release;
		};
/* End XCBuildConfiguration section */

/* Begin XCConfigurationList section */
		AEB6787D27FC629A0069B454 /* Build configuration list for PBXProject "FarmGPS" */ = {
			isa = XCConfigurationList;
			buildConfigurations = (
				AEB6788E27FC629B0069B454 /* Debug */,
				AEB6788F27FC629B0069B454 /* Release */,
			);
			defaultConfigurationIsVisible = 0;
			defaultConfigurationName = Release;
		};
		AEB6789027FC629B0069B454 /* Build configuration list for PBXNativeTarget "FarmGPS" */ = {
			isa = XCConfigurationList;
			buildConfigurations = (
				AEB6789127FC629B0069B454 /* Debug */,
				AEB6789227FC629B0069B454 /* Release */,
			);
			defaultConfigurationIsVisible = 0;
			defaultConfigurationName = Release;
		};
/* End XCConfigurationList section */
	};
	rootObject = AEB6787A27FC629A0069B454 /* Project object */;
}
